// !$*UTF8*$!
{
	archiveVersion = 1;
	classes = {
	};
	objectVersion = 46;
	objects = {

/* Begin PBXBuildFile section */
		23479F271A6416E6006061ED /* AppDelegate.swift in Sources */ = {isa = PBXBuildFile; fileRef = 23479F261A6416E6006061ED /* AppDelegate.swift */; };
		23479F2E1A6416E6006061ED /* Main.storyboard in Resources */ = {isa = PBXBuildFile; fileRef = 23479F2C1A6416E6006061ED /* Main.storyboard */; };
		23479F301A6416E6006061ED /* Images.xcassets in Resources */ = {isa = PBXBuildFile; fileRef = 23479F2F1A6416E6006061ED /* Images.xcassets */; };
		23479F331A6416E6006061ED /* LaunchScreen.xib in Resources */ = {isa = PBXBuildFile; fileRef = 23479F311A6416E6006061ED /* LaunchScreen.xib */; };
		23479F3F1A6416E6006061ED /* PaperboyTests.swift in Sources */ = {isa = PBXBuildFile; fileRef = 23479F3E1A6416E6006061ED /* PaperboyTests.swift */; };
		23479F491A64198A006061ED /* AudioToolbox.framework in Frameworks */ = {isa = PBXBuildFile; fileRef = 23479F481A64198A006061ED /* AudioToolbox.framework */; };
		23479F4B1A641994006061ED /* CFNetwork.framework in Frameworks */ = {isa = PBXBuildFile; fileRef = 23479F4A1A641994006061ED /* CFNetwork.framework */; };
		23479F4D1A64199C006061ED /* CoreGraphics.framework in Frameworks */ = {isa = PBXBuildFile; fileRef = 23479F4C1A64199C006061ED /* CoreGraphics.framework */; };
		23479F4F1A6419A3006061ED /* CoreLocation.framework in Frameworks */ = {isa = PBXBuildFile; fileRef = 23479F4E1A6419A3006061ED /* CoreLocation.framework */; };
		23479F511A6419B1006061ED /* libz.dylib in Frameworks */ = {isa = PBXBuildFile; fileRef = 23479F501A6419B1006061ED /* libz.dylib */; };
		23479F531A6419B9006061ED /* MobileCoreServices.framework in Frameworks */ = {isa = PBXBuildFile; fileRef = 23479F521A6419B9006061ED /* MobileCoreServices.framework */; };
		23479F551A6419BF006061ED /* QuartzCore.framework in Frameworks */ = {isa = PBXBuildFile; fileRef = 23479F541A6419BF006061ED /* QuartzCore.framework */; };
		23479F571A6419C6006061ED /* Security.framework in Frameworks */ = {isa = PBXBuildFile; fileRef = 23479F561A6419C6006061ED /* Security.framework */; };
		23479F5B1A6419D5006061ED /* SystemConfiguration.framework in Frameworks */ = {isa = PBXBuildFile; fileRef = 23479F5A1A6419D5006061ED /* SystemConfiguration.framework */; };
		23479F5D1A6419E4006061ED /* libsqlite3.dylib in Frameworks */ = {isa = PBXBuildFile; fileRef = 23479F5C1A6419E4006061ED /* libsqlite3.dylib */; };
		23479F5F1A641A2F006061ED /* Parse.framework in Frameworks */ = {isa = PBXBuildFile; fileRef = 23479F5E1A641A2F006061ED /* Parse.framework */; };
		23C80CAF1A654486002D1248 /* DiscoverTableViewController.swift in Sources */ = {isa = PBXBuildFile; fileRef = 23C80CAE1A654486002D1248 /* DiscoverTableViewController.swift */; };
		23C80CB11A654D10002D1248 /* DiscoverTableViewCell.swift in Sources */ = {isa = PBXBuildFile; fileRef = 23C80CB01A654D0F002D1248 /* DiscoverTableViewCell.swift */; };
		23D131041A64204B00739D11 /* Bolts.framework in Frameworks */ = {isa = PBXBuildFile; fileRef = 23D131031A64204B00739D11 /* Bolts.framework */; };
		F80682361A66BF3300D8425F /* Country.swift in Sources */ = {isa = PBXBuildFile; fileRef = F80682351A66BF3300D8425F /* Country.swift */; };
		F80682381A66C03D00D8425F /* CountrySelectionTableViewController.swift in Sources */ = {isa = PBXBuildFile; fileRef = F80682371A66C03D00D8425F /* CountrySelectionTableViewController.swift */; };
		F8121C431A689C680055A955 /* WebNavigationBarView.xib in Resources */ = {isa = PBXBuildFile; fileRef = F8121C421A689C680055A955 /* WebNavigationBarView.xib */; };
		F8121C451A689DE00055A955 /* WebNavigationBarView.swift in Sources */ = {isa = PBXBuildFile; fileRef = F8121C441A689DE00055A955 /* WebNavigationBarView.swift */; };
		F815E1781A642AC300D00BEA /* HomeViewController.swift in Sources */ = {isa = PBXBuildFile; fileRef = F815E1771A642AC300D00BEA /* HomeViewController.swift */; };
		F815E17A1A6446F600D00BEA /* SubscriptionsTableViewCell.swift in Sources */ = {isa = PBXBuildFile; fileRef = F815E1791A6446F600D00BEA /* SubscriptionsTableViewCell.swift */; };
		F81FA9CB1A66F8F8009BAA3F /* Manager.swift in Sources */ = {isa = PBXBuildFile; fileRef = F81FA9CA1A66F8F8009BAA3F /* Manager.swift */; };
		F87ED44F1A681E8C004CEDFB /* WebViewController.swift in Sources */ = {isa = PBXBuildFile; fileRef = F87ED44E1A681E8C004CEDFB /* WebViewController.swift */; };
		F8916E5C1A6EED97004F1AE7 /* Verification.storyboard in Resources */ = {isa = PBXBuildFile; fileRef = F8916E591A6EEC4F004F1AE7 /* Verification.storyboard */; };
		F8916E5E1A6F4CD8004F1AE7 /* CodeInputViewController.swift in Sources */ = {isa = PBXBuildFile; fileRef = F8916E5D1A6F4CD8004F1AE7 /* CodeInputViewController.swift */; };
		F8BF9D6F1A656D1A002554D2 /* LatestTableViewCell.swift in Sources */ = {isa = PBXBuildFile; fileRef = F8BF9D6E1A656D1A002554D2 /* LatestTableViewCell.swift */; };
		F8D76E8D1A669EF800BB92C4 /* NumberInputViewController.swift in Sources */ = {isa = PBXBuildFile; fileRef = F8D76E8C1A669EF800BB92C4 /* NumberInputViewController.swift */; };
		F8F53BD81A7FC7F500A0FF8B /* CoreData.framework in Frameworks */ = {isa = PBXBuildFile; fileRef = F8F53BD71A7FC7F500A0FF8B /* CoreData.framework */; };
		F8F53BE91A7FCC8000A0FF8B /* libGoogleAnalyticsServices.a in Frameworks */ = {isa = PBXBuildFile; fileRef = F8F53BE81A7FCC8000A0FF8B /* libGoogleAnalyticsServices.a */; };
/* End PBXBuildFile section */

/* Begin PBXContainerItemProxy section */
		23479F391A6416E6006061ED /* PBXContainerItemProxy */ = {
			isa = PBXContainerItemProxy;
			containerPortal = 23479F191A6416E6006061ED /* Project object */;
			proxyType = 1;
			remoteGlobalIDString = 23479F201A6416E6006061ED;
			remoteInfo = Paperboy;
		};
/* End PBXContainerItemProxy section */

/* Begin PBXFileReference section */
		23479F211A6416E6006061ED /* Paperboy.app */ = {isa = PBXFileReference; explicitFileType = wrapper.application; includeInIndex = 0; path = Paperboy.app; sourceTree = BUILT_PRODUCTS_DIR; };
		23479F251A6416E6006061ED /* Info.plist */ = {isa = PBXFileReference; lastKnownFileType = text.plist.xml; path = Info.plist; sourceTree = "<group>"; };
		23479F261A6416E6006061ED /* AppDelegate.swift */ = {isa = PBXFileReference; lastKnownFileType = sourcecode.swift; path = AppDelegate.swift; sourceTree = "<group>"; };
		23479F2D1A6416E6006061ED /* Base */ = {isa = PBXFileReference; lastKnownFileType = file.storyboard; name = Base; path = Base.lproj/Main.storyboard; sourceTree = "<group>"; };
		23479F2F1A6416E6006061ED /* Images.xcassets */ = {isa = PBXFileReference; lastKnownFileType = folder.assetcatalog; path = Images.xcassets; sourceTree = "<group>"; };
		23479F321A6416E6006061ED /* Base */ = {isa = PBXFileReference; lastKnownFileType = file.xib; name = Base; path = Base.lproj/LaunchScreen.xib; sourceTree = "<group>"; };
		23479F381A6416E6006061ED /* PaperboyTests.xctest */ = {isa = PBXFileReference; explicitFileType = wrapper.cfbundle; includeInIndex = 0; path = PaperboyTests.xctest; sourceTree = BUILT_PRODUCTS_DIR; };
		23479F3D1A6416E6006061ED /* Info.plist */ = {isa = PBXFileReference; lastKnownFileType = text.plist.xml; path = Info.plist; sourceTree = "<group>"; };
		23479F3E1A6416E6006061ED /* PaperboyTests.swift */ = {isa = PBXFileReference; lastKnownFileType = sourcecode.swift; path = PaperboyTests.swift; sourceTree = "<group>"; };
		23479F481A64198A006061ED /* AudioToolbox.framework */ = {isa = PBXFileReference; lastKnownFileType = wrapper.framework; name = AudioToolbox.framework; path = System/Library/Frameworks/AudioToolbox.framework; sourceTree = SDKROOT; };
		23479F4A1A641994006061ED /* CFNetwork.framework */ = {isa = PBXFileReference; lastKnownFileType = wrapper.framework; name = CFNetwork.framework; path = System/Library/Frameworks/CFNetwork.framework; sourceTree = SDKROOT; };
		23479F4C1A64199C006061ED /* CoreGraphics.framework */ = {isa = PBXFileReference; lastKnownFileType = wrapper.framework; name = CoreGraphics.framework; path = System/Library/Frameworks/CoreGraphics.framework; sourceTree = SDKROOT; };
		23479F4E1A6419A3006061ED /* CoreLocation.framework */ = {isa = PBXFileReference; lastKnownFileType = wrapper.framework; name = CoreLocation.framework; path = System/Library/Frameworks/CoreLocation.framework; sourceTree = SDKROOT; };
		23479F501A6419B1006061ED /* libz.dylib */ = {isa = PBXFileReference; lastKnownFileType = "compiled.mach-o.dylib"; name = libz.dylib; path = usr/lib/libz.dylib; sourceTree = SDKROOT; };
		23479F521A6419B9006061ED /* MobileCoreServices.framework */ = {isa = PBXFileReference; lastKnownFileType = wrapper.framework; name = MobileCoreServices.framework; path = System/Library/Frameworks/MobileCoreServices.framework; sourceTree = SDKROOT; };
		23479F541A6419BF006061ED /* QuartzCore.framework */ = {isa = PBXFileReference; lastKnownFileType = wrapper.framework; name = QuartzCore.framework; path = System/Library/Frameworks/QuartzCore.framework; sourceTree = SDKROOT; };
		23479F561A6419C6006061ED /* Security.framework */ = {isa = PBXFileReference; lastKnownFileType = wrapper.framework; name = Security.framework; path = System/Library/Frameworks/Security.framework; sourceTree = SDKROOT; };
		23479F5A1A6419D5006061ED /* SystemConfiguration.framework */ = {isa = PBXFileReference; lastKnownFileType = wrapper.framework; name = SystemConfiguration.framework; path = System/Library/Frameworks/SystemConfiguration.framework; sourceTree = SDKROOT; };
		23479F5C1A6419E4006061ED /* libsqlite3.dylib */ = {isa = PBXFileReference; lastKnownFileType = "compiled.mach-o.dylib"; name = libsqlite3.dylib; path = usr/lib/libsqlite3.dylib; sourceTree = SDKROOT; };
		23479F5E1A641A2F006061ED /* Parse.framework */ = {isa = PBXFileReference; lastKnownFileType = wrapper.framework; path = Parse.framework; sourceTree = "<group>"; };
		23479F611A641A95006061ED /* Paperboy-Bridging-Header.h */ = {isa = PBXFileReference; lastKnownFileType = sourcecode.c.h; path = "Paperboy-Bridging-Header.h"; sourceTree = SOURCE_ROOT; };
		23C80CAE1A654486002D1248 /* DiscoverTableViewController.swift */ = {isa = PBXFileReference; fileEncoding = 4; lastKnownFileType = sourcecode.swift; path = DiscoverTableViewController.swift; sourceTree = "<group>"; };
		23C80CB01A654D0F002D1248 /* DiscoverTableViewCell.swift */ = {isa = PBXFileReference; fileEncoding = 4; lastKnownFileType = sourcecode.swift; path = DiscoverTableViewCell.swift; sourceTree = "<group>"; };
		23D131031A64204B00739D11 /* Bolts.framework */ = {isa = PBXFileReference; lastKnownFileType = wrapper.framework; path = Bolts.framework; sourceTree = "<group>"; };
		F80682351A66BF3300D8425F /* Country.swift */ = {isa = PBXFileReference; fileEncoding = 4; lastKnownFileType = sourcecode.swift; path = Country.swift; sourceTree = "<group>"; };
		F80682371A66C03D00D8425F /* CountrySelectionTableViewController.swift */ = {isa = PBXFileReference; fileEncoding = 4; lastKnownFileType = sourcecode.swift; path = CountrySelectionTableViewController.swift; sourceTree = "<group>"; };
		F8121C421A689C680055A955 /* WebNavigationBarView.xib */ = {isa = PBXFileReference; fileEncoding = 4; lastKnownFileType = file.xib; path = WebNavigationBarView.xib; sourceTree = "<group>"; };
		F8121C441A689DE00055A955 /* WebNavigationBarView.swift */ = {isa = PBXFileReference; fileEncoding = 4; lastKnownFileType = sourcecode.swift; path = WebNavigationBarView.swift; sourceTree = "<group>"; };
		F815E1771A642AC300D00BEA /* HomeViewController.swift */ = {isa = PBXFileReference; fileEncoding = 4; lastKnownFileType = sourcecode.swift; path = HomeViewController.swift; sourceTree = "<group>"; };
		F815E1791A6446F600D00BEA /* SubscriptionsTableViewCell.swift */ = {isa = PBXFileReference; fileEncoding = 4; lastKnownFileType = sourcecode.swift; path = SubscriptionsTableViewCell.swift; sourceTree = "<group>"; };
		F81FA9CA1A66F8F8009BAA3F /* Manager.swift */ = {isa = PBXFileReference; fileEncoding = 4; lastKnownFileType = sourcecode.swift; path = Manager.swift; sourceTree = "<group>"; };
		F87ED44E1A681E8C004CEDFB /* WebViewController.swift */ = {isa = PBXFileReference; fileEncoding = 4; lastKnownFileType = sourcecode.swift; path = WebViewController.swift; sourceTree = "<group>"; };
		F8916E591A6EEC4F004F1AE7 /* Verification.storyboard */ = {isa = PBXFileReference; fileEncoding = 4; lastKnownFileType = file.storyboard; path = Verification.storyboard; sourceTree = "<group>"; };
		F8916E5D1A6F4CD8004F1AE7 /* CodeInputViewController.swift */ = {isa = PBXFileReference; fileEncoding = 4; lastKnownFileType = sourcecode.swift; path = CodeInputViewController.swift; sourceTree = "<group>"; };
		F8BF9D6E1A656D1A002554D2 /* LatestTableViewCell.swift */ = {isa = PBXFileReference; fileEncoding = 4; lastKnownFileType = sourcecode.swift; path = LatestTableViewCell.swift; sourceTree = "<group>"; };
		F8D76E8C1A669EF800BB92C4 /* NumberInputViewController.swift */ = {isa = PBXFileReference; fileEncoding = 4; lastKnownFileType = sourcecode.swift; path = NumberInputViewController.swift; sourceTree = "<group>"; };
		F8F53BD71A7FC7F500A0FF8B /* CoreData.framework */ = {isa = PBXFileReference; lastKnownFileType = wrapper.framework; name = CoreData.framework; path = System/Library/Frameworks/CoreData.framework; sourceTree = SDKROOT; };
		F8F53BDC1A7FC99900A0FF8B /* GAI.h */ = {isa = PBXFileReference; fileEncoding = 4; lastKnownFileType = sourcecode.c.h; path = GAI.h; sourceTree = "<group>"; };
		F8F53BDD1A7FC99900A0FF8B /* GAIDictionaryBuilder.h */ = {isa = PBXFileReference; fileEncoding = 4; lastKnownFileType = sourcecode.c.h; path = GAIDictionaryBuilder.h; sourceTree = "<group>"; };
		F8F53BDF1A7FC99900A0FF8B /* GAIEcommerceProduct.h */ = {isa = PBXFileReference; fileEncoding = 4; lastKnownFileType = sourcecode.c.h; path = GAIEcommerceProduct.h; sourceTree = "<group>"; };
		F8F53BE01A7FC99900A0FF8B /* GAIEcommerceProductAction.h */ = {isa = PBXFileReference; fileEncoding = 4; lastKnownFileType = sourcecode.c.h; path = GAIEcommerceProductAction.h; sourceTree = "<group>"; };
		F8F53BE11A7FC99900A0FF8B /* GAIEcommercePromotion.h */ = {isa = PBXFileReference; fileEncoding = 4; lastKnownFileType = sourcecode.c.h; path = GAIEcommercePromotion.h; sourceTree = "<group>"; };
		F8F53BE21A7FC99900A0FF8B /* GAIFields.h */ = {isa = PBXFileReference; fileEncoding = 4; lastKnownFileType = sourcecode.c.h; path = GAIFields.h; sourceTree = "<group>"; };
		F8F53BE31A7FC99900A0FF8B /* GAILogger.h */ = {isa = PBXFileReference; fileEncoding = 4; lastKnownFileType = sourcecode.c.h; path = GAILogger.h; sourceTree = "<group>"; };
		F8F53BE41A7FC99900A0FF8B /* GAITrackedViewController.h */ = {isa = PBXFileReference; fileEncoding = 4; lastKnownFileType = sourcecode.c.h; path = GAITrackedViewController.h; sourceTree = "<group>"; };
		F8F53BE51A7FC99900A0FF8B /* GAITracker.h */ = {isa = PBXFileReference; fileEncoding = 4; lastKnownFileType = sourcecode.c.h; path = GAITracker.h; sourceTree = "<group>"; };
		F8F53BE81A7FCC8000A0FF8B /* libGoogleAnalyticsServices.a */ = {isa = PBXFileReference; lastKnownFileType = archive.ar; path = libGoogleAnalyticsServices.a; sourceTree = "<group>"; };
/* End PBXFileReference section */

/* Begin PBXFrameworksBuildPhase section */
		23479F1E1A6416E6006061ED /* Frameworks */ = {
			isa = PBXFrameworksBuildPhase;
			buildActionMask = 2147483647;
			files = (
				F8F53BD81A7FC7F500A0FF8B /* CoreData.framework in Frameworks */,
				23479F5D1A6419E4006061ED /* libsqlite3.dylib in Frameworks */,
				23479F5B1A6419D5006061ED /* SystemConfiguration.framework in Frameworks */,
				F8F53BE91A7FCC8000A0FF8B /* libGoogleAnalyticsServices.a in Frameworks */,
				23479F571A6419C6006061ED /* Security.framework in Frameworks */,
				23479F551A6419BF006061ED /* QuartzCore.framework in Frameworks */,
				23479F531A6419B9006061ED /* MobileCoreServices.framework in Frameworks */,
				23479F511A6419B1006061ED /* libz.dylib in Frameworks */,
				23D131041A64204B00739D11 /* Bolts.framework in Frameworks */,
				23479F4F1A6419A3006061ED /* CoreLocation.framework in Frameworks */,
				23479F4D1A64199C006061ED /* CoreGraphics.framework in Frameworks */,
				23479F4B1A641994006061ED /* CFNetwork.framework in Frameworks */,
				23479F5F1A641A2F006061ED /* Parse.framework in Frameworks */,
				23479F491A64198A006061ED /* AudioToolbox.framework in Frameworks */,
			);
			runOnlyForDeploymentPostprocessing = 0;
		};
		23479F351A6416E6006061ED /* Frameworks */ = {
			isa = PBXFrameworksBuildPhase;
			buildActionMask = 2147483647;
			files = (
			);
			runOnlyForDeploymentPostprocessing = 0;
		};
/* End PBXFrameworksBuildPhase section */

/* Begin PBXGroup section */
		23479F181A6416E6006061ED = {
			isa = PBXGroup;
			children = (
				F8F53BD71A7FC7F500A0FF8B /* CoreData.framework */,
				23479F231A6416E6006061ED /* Paperboy */,
				23479F3B1A6416E6006061ED /* PaperboyTests */,
				23479F221A6416E6006061ED /* Products */,
			);
			sourceTree = "<group>";
		};
		23479F221A6416E6006061ED /* Products */ = {
			isa = PBXGroup;
			children = (
				23479F211A6416E6006061ED /* Paperboy.app */,
				23479F381A6416E6006061ED /* PaperboyTests.xctest */,
			);
			name = Products;
			sourceTree = "<group>";
		};
		23479F231A6416E6006061ED /* Paperboy */ = {
			isa = PBXGroup;
			children = (
				23479F261A6416E6006061ED /* AppDelegate.swift */,
				F815E1771A642AC300D00BEA /* HomeViewController.swift */,
				23479F2C1A6416E6006061ED /* Main.storyboard */,
				F8916E591A6EEC4F004F1AE7 /* Verification.storyboard */,
				F8916E5D1A6F4CD8004F1AE7 /* CodeInputViewController.swift */,
				F80682351A66BF3300D8425F /* Country.swift */,
				F80682371A66C03D00D8425F /* CountrySelectionTableViewController.swift */,
				F8D76E8C1A669EF800BB92C4 /* NumberInputViewController.swift */,
				F8BF9D6E1A656D1A002554D2 /* LatestTableViewCell.swift */,
				23C80CAE1A654486002D1248 /* DiscoverTableViewController.swift */,
				23C80CB01A654D0F002D1248 /* DiscoverTableViewCell.swift */,
				F81FA9CA1A66F8F8009BAA3F /* Manager.swift */,
				F87ED44E1A681E8C004CEDFB /* WebViewController.swift */,
				F8121C421A689C680055A955 /* WebNavigationBarView.xib */,
				F8121C441A689DE00055A955 /* WebNavigationBarView.swift */,
				F815E1791A6446F600D00BEA /* SubscriptionsTableViewCell.swift */,
				23479F2F1A6416E6006061ED /* Images.xcassets */,
				23479F311A6416E6006061ED /* LaunchScreen.xib */,
				23479F611A641A95006061ED /* Paperboy-Bridging-Header.h */,
				23479F601A641A48006061ED /* Frameworks */,
				23479F241A6416E6006061ED /* Supporting Files */,
			);
			path = Paperboy;
			sourceTree = "<group>";
		};
		23479F241A6416E6006061ED /* Supporting Files */ = {
			isa = PBXGroup;
			children = (
				23479F251A6416E6006061ED /* Info.plist */,
			);
			name = "Supporting Files";
			sourceTree = "<group>";
		};
		23479F3B1A6416E6006061ED /* PaperboyTests */ = {
			isa = PBXGroup;
			children = (
				23479F3E1A6416E6006061ED /* PaperboyTests.swift */,
				23479F3C1A6416E6006061ED /* Supporting Files */,
			);
			path = PaperboyTests;
			sourceTree = "<group>";
		};
		23479F3C1A6416E6006061ED /* Supporting Files */ = {
			isa = PBXGroup;
			children = (
				23479F3D1A6416E6006061ED /* Info.plist */,
			);
			name = "Supporting Files";
			sourceTree = "<group>";
		};
		23479F601A641A48006061ED /* Frameworks */ = {
			isa = PBXGroup;
			children = (
				F8F53BDA1A7FC96D00A0FF8B /* Analytics */,
				23D131031A64204B00739D11 /* Bolts.framework */,
				23479F5C1A6419E4006061ED /* libsqlite3.dylib */,
				23479F5E1A641A2F006061ED /* Parse.framework */,
				23479F5A1A6419D5006061ED /* SystemConfiguration.framework */,
				23479F561A6419C6006061ED /* Security.framework */,
				23479F541A6419BF006061ED /* QuartzCore.framework */,
				23479F521A6419B9006061ED /* MobileCoreServices.framework */,
				23479F501A6419B1006061ED /* libz.dylib */,
				23479F4E1A6419A3006061ED /* CoreLocation.framework */,
				23479F4C1A64199C006061ED /* CoreGraphics.framework */,
				23479F4A1A641994006061ED /* CFNetwork.framework */,
				23479F481A64198A006061ED /* AudioToolbox.framework */,
			);
			name = Frameworks;
			path = ..;
			sourceTree = "<group>";
		};
		F8F53BDA1A7FC96D00A0FF8B /* Analytics */ = {
			isa = PBXGroup;
			children = (
				F8F53BE81A7FCC8000A0FF8B /* libGoogleAnalyticsServices.a */,
				F8F53BDB1A7FC99900A0FF8B /* Library */,
			);
			name = Analytics;
			sourceTree = "<group>";
		};
		F8F53BDB1A7FC99900A0FF8B /* Library */ = {
			isa = PBXGroup;
			children = (
				F8F53BDC1A7FC99900A0FF8B /* GAI.h */,
				F8F53BDD1A7FC99900A0FF8B /* GAIDictionaryBuilder.h */,
				F8F53BDF1A7FC99900A0FF8B /* GAIEcommerceProduct.h */,
				F8F53BE01A7FC99900A0FF8B /* GAIEcommerceProductAction.h */,
				F8F53BE11A7FC99900A0FF8B /* GAIEcommercePromotion.h */,
				F8F53BE21A7FC99900A0FF8B /* GAIFields.h */,
				F8F53BE31A7FC99900A0FF8B /* GAILogger.h */,
				F8F53BE41A7FC99900A0FF8B /* GAITrackedViewController.h */,
				F8F53BE51A7FC99900A0FF8B /* GAITracker.h */,
			);
			path = Library;
			sourceTree = "<group>";
		};
/* End PBXGroup section */

/* Begin PBXNativeTarget section */
		23479F201A6416E6006061ED /* Paperboy */ = {
			isa = PBXNativeTarget;
			buildConfigurationList = 23479F421A6416E6006061ED /* Build configuration list for PBXNativeTarget "Paperboy" */;
			buildPhases = (
				23479F1D1A6416E6006061ED /* Sources */,
				23479F1E1A6416E6006061ED /* Frameworks */,
				23479F1F1A6416E6006061ED /* Resources */,
			);
			buildRules = (
			);
			dependencies = (
			);
			name = Paperboy;
			productName = Paperboy;
			productReference = 23479F211A6416E6006061ED /* Paperboy.app */;
			productType = "com.apple.product-type.application";
		};
		23479F371A6416E6006061ED /* PaperboyTests */ = {
			isa = PBXNativeTarget;
			buildConfigurationList = 23479F451A6416E6006061ED /* Build configuration list for PBXNativeTarget "PaperboyTests" */;
			buildPhases = (
				23479F341A6416E6006061ED /* Sources */,
				23479F351A6416E6006061ED /* Frameworks */,
				23479F361A6416E6006061ED /* Resources */,
			);
			buildRules = (
			);
			dependencies = (
				23479F3A1A6416E6006061ED /* PBXTargetDependency */,
			);
			name = PaperboyTests;
			productName = PaperboyTests;
			productReference = 23479F381A6416E6006061ED /* PaperboyTests.xctest */;
			productType = "com.apple.product-type.bundle.unit-test";
		};
/* End PBXNativeTarget section */

/* Begin PBXProject section */
		23479F191A6416E6006061ED /* Project object */ = {
			isa = PBXProject;
			attributes = {
				LastUpgradeCheck = 0610;
				ORGANIZATIONNAME = "Paperboy, Inc.";
				TargetAttributes = {
					23479F201A6416E6006061ED = {
						CreatedOnToolsVersion = 6.1.1;
						DevelopmentTeam = NGJZBV89QX;
						SystemCapabilities = {
							com.apple.InAppPurchase = {
								enabled = 0;
							};
						};
					};
					23479F371A6416E6006061ED = {
						CreatedOnToolsVersion = 6.1.1;
						TestTargetID = 23479F201A6416E6006061ED;
					};
				};
			};
			buildConfigurationList = 23479F1C1A6416E6006061ED /* Build configuration list for PBXProject "Paperboy" */;
			compatibilityVersion = "Xcode 3.2";
			developmentRegion = English;
			hasScannedForEncodings = 0;
			knownRegions = (
				en,
				Base,
			);
			mainGroup = 23479F181A6416E6006061ED;
			productRefGroup = 23479F221A6416E6006061ED /* Products */;
			projectDirPath = "";
			projectRoot = "";
			targets = (
				23479F201A6416E6006061ED /* Paperboy */,
				23479F371A6416E6006061ED /* PaperboyTests */,
			);
		};
/* End PBXProject section */

/* Begin PBXResourcesBuildPhase section */
		23479F1F1A6416E6006061ED /* Resources */ = {
			isa = PBXResourcesBuildPhase;
			buildActionMask = 2147483647;
			files = (
				23479F2E1A6416E6006061ED /* Main.storyboard in Resources */,
				F8916E5C1A6EED97004F1AE7 /* Verification.storyboard in Resources */,
				23479F331A6416E6006061ED /* LaunchScreen.xib in Resources */,
				23479F301A6416E6006061ED /* Images.xcassets in Resources */,
				F8121C431A689C680055A955 /* WebNavigationBarView.xib in Resources */,
			);
			runOnlyForDeploymentPostprocessing = 0;
		};
		23479F361A6416E6006061ED /* Resources */ = {
			isa = PBXResourcesBuildPhase;
			buildActionMask = 2147483647;
			files = (
			);
			runOnlyForDeploymentPostprocessing = 0;
		};
/* End PBXResourcesBuildPhase section */

/* Begin PBXSourcesBuildPhase section */
		23479F1D1A6416E6006061ED /* Sources */ = {
			isa = PBXSourcesBuildPhase;
			buildActionMask = 2147483647;
			files = (
				F8BF9D6F1A656D1A002554D2 /* LatestTableViewCell.swift in Sources */,
				F87ED44F1A681E8C004CEDFB /* WebViewController.swift in Sources */,
				F815E17A1A6446F600D00BEA /* SubscriptionsTableViewCell.swift in Sources */,
				23C80CB11A654D10002D1248 /* DiscoverTableViewCell.swift in Sources */,
				23479F271A6416E6006061ED /* AppDelegate.swift in Sources */,
				F81FA9CB1A66F8F8009BAA3F /* Manager.swift in Sources */,
				F80682381A66C03D00D8425F /* CountrySelectionTableViewController.swift in Sources */,
				F8121C451A689DE00055A955 /* WebNavigationBarView.swift in Sources */,
				23C80CAF1A654486002D1248 /* DiscoverTableViewController.swift in Sources */,
				F8D76E8D1A669EF800BB92C4 /* NumberInputViewController.swift in Sources */,
				F8916E5E1A6F4CD8004F1AE7 /* CodeInputViewController.swift in Sources */,
				F815E1781A642AC300D00BEA /* HomeViewController.swift in Sources */,
				F80682361A66BF3300D8425F /* Country.swift in Sources */,
			);
			runOnlyForDeploymentPostprocessing = 0;
		};
		23479F341A6416E6006061ED /* Sources */ = {
			isa = PBXSourcesBuildPhase;
			buildActionMask = 2147483647;
			files = (
				23479F3F1A6416E6006061ED /* PaperboyTests.swift in Sources */,
			);
			runOnlyForDeploymentPostprocessing = 0;
		};
/* End PBXSourcesBuildPhase section */

/* Begin PBXTargetDependency section */
		23479F3A1A6416E6006061ED /* PBXTargetDependency */ = {
			isa = PBXTargetDependency;
			target = 23479F201A6416E6006061ED /* Paperboy */;
			targetProxy = 23479F391A6416E6006061ED /* PBXContainerItemProxy */;
		};
/* End PBXTargetDependency section */

/* Begin PBXVariantGroup section */
		23479F2C1A6416E6006061ED /* Main.storyboard */ = {
			isa = PBXVariantGroup;
			children = (
				23479F2D1A6416E6006061ED /* Base */,
			);
			name = Main.storyboard;
			sourceTree = "<group>";
		};
		23479F311A6416E6006061ED /* LaunchScreen.xib */ = {
			isa = PBXVariantGroup;
			children = (
				23479F321A6416E6006061ED /* Base */,
			);
			name = LaunchScreen.xib;
			sourceTree = "<group>";
		};
/* End PBXVariantGroup section */

/* Begin XCBuildConfiguration section */
		23479F401A6416E6006061ED /* Debug */ = {
			isa = XCBuildConfiguration;
			buildSettings = {
				ALWAYS_SEARCH_USER_PATHS = NO;
				CLANG_CXX_LANGUAGE_STANDARD = "gnu++0x";
				CLANG_CXX_LIBRARY = "libc++";
				CLANG_ENABLE_MODULES = YES;
				CLANG_ENABLE_OBJC_ARC = YES;
				CLANG_WARN_BOOL_CONVERSION = YES;
				CLANG_WARN_CONSTANT_CONVERSION = YES;
				CLANG_WARN_DIRECT_OBJC_ISA_USAGE = YES_ERROR;
				CLANG_WARN_EMPTY_BODY = YES;
				CLANG_WARN_ENUM_CONVERSION = YES;
				CLANG_WARN_INT_CONVERSION = YES;
				CLANG_WARN_OBJC_ROOT_CLASS = YES_ERROR;
				CLANG_WARN_UNREACHABLE_CODE = YES;
				CLANG_WARN__DUPLICATE_METHOD_MATCH = YES;
				"CODE_SIGN_IDENTITY[sdk=iphoneos*]" = "iPhone Developer";
				COPY_PHASE_STRIP = NO;
				ENABLE_STRICT_OBJC_MSGSEND = YES;
				GCC_C_LANGUAGE_STANDARD = gnu99;
				GCC_DYNAMIC_NO_PIC = NO;
				GCC_OPTIMIZATION_LEVEL = 0;
				GCC_PREPROCESSOR_DEFINITIONS = (
					"DEBUG=1",
					"$(inherited)",
				);
				GCC_SYMBOLS_PRIVATE_EXTERN = NO;
				GCC_WARN_64_TO_32_BIT_CONVERSION = YES;
				GCC_WARN_ABOUT_RETURN_TYPE = YES_ERROR;
				GCC_WARN_UNDECLARED_SELECTOR = YES;
				GCC_WARN_UNINITIALIZED_AUTOS = YES_AGGRESSIVE;
				GCC_WARN_UNUSED_FUNCTION = YES;
				GCC_WARN_UNUSED_VARIABLE = YES;
				IPHONEOS_DEPLOYMENT_TARGET = 8.1;
				MTL_ENABLE_DEBUG_INFO = YES;
				ONLY_ACTIVE_ARCH = YES;
				SDKROOT = iphoneos;
				SWIFT_OPTIMIZATION_LEVEL = "-Onone";
			};
			name = Debug;
		};
		23479F411A6416E6006061ED /* Release */ = {
			isa = XCBuildConfiguration;
			buildSettings = {
				ALWAYS_SEARCH_USER_PATHS = NO;
				CLANG_CXX_LANGUAGE_STANDARD = "gnu++0x";
				CLANG_CXX_LIBRARY = "libc++";
				CLANG_ENABLE_MODULES = YES;
				CLANG_ENABLE_OBJC_ARC = YES;
				CLANG_WARN_BOOL_CONVERSION = YES;
				CLANG_WARN_CONSTANT_CONVERSION = YES;
				CLANG_WARN_DIRECT_OBJC_ISA_USAGE = YES_ERROR;
				CLANG_WARN_EMPTY_BODY = YES;
				CLANG_WARN_ENUM_CONVERSION = YES;
				CLANG_WARN_INT_CONVERSION = YES;
				CLANG_WARN_OBJC_ROOT_CLASS = YES_ERROR;
				CLANG_WARN_UNREACHABLE_CODE = YES;
				CLANG_WARN__DUPLICATE_METHOD_MATCH = YES;
				"CODE_SIGN_IDENTITY[sdk=iphoneos*]" = "iPhone Developer";
				COPY_PHASE_STRIP = YES;
				ENABLE_NS_ASSERTIONS = NO;
				ENABLE_STRICT_OBJC_MSGSEND = YES;
				GCC_C_LANGUAGE_STANDARD = gnu99;
				GCC_WARN_64_TO_32_BIT_CONVERSION = YES;
				GCC_WARN_ABOUT_RETURN_TYPE = YES_ERROR;
				GCC_WARN_UNDECLARED_SELECTOR = YES;
				GCC_WARN_UNINITIALIZED_AUTOS = YES_AGGRESSIVE;
				GCC_WARN_UNUSED_FUNCTION = YES;
				GCC_WARN_UNUSED_VARIABLE = YES;
				IPHONEOS_DEPLOYMENT_TARGET = 8.1;
				MTL_ENABLE_DEBUG_INFO = NO;
				SDKROOT = iphoneos;
				VALIDATE_PRODUCT = YES;
			};
			name = Release;
		};
		23479F431A6416E6006061ED /* Debug */ = {
			isa = XCBuildConfiguration;
			buildSettings = {
				ASSETCATALOG_COMPILER_APPICON_NAME = AppIcon;
				CLANG_ENABLE_MODULES = YES;
				CODE_SIGN_IDENTITY = "iPhone Developer";
				"CODE_SIGN_IDENTITY[sdk=iphoneos*]" = "iPhone Developer";
				FRAMEWORK_SEARCH_PATHS = (
					"$(inherited)",
					"$(PROJECT_DIR)",
				);
				INFOPLIST_FILE = Paperboy/Info.plist;
				IPHONEOS_DEPLOYMENT_TARGET = 8.1;
				LD_RUNPATH_SEARCH_PATHS = "$(inherited) @executable_path/Frameworks";
				LIBRARY_SEARCH_PATHS = (
					"$(inherited)",
					"$(PROJECT_DIR)",
				);
				PRODUCT_NAME = "$(TARGET_NAME)";
				PROVISIONING_PROFILE = "";
				SWIFT_OBJC_BRIDGING_HEADER = "Paperboy-Bridging-Header.h";
				SWIFT_OPTIMIZATION_LEVEL = "-Onone";
			};
			name = Debug;
		};
		23479F441A6416E6006061ED /* Release */ = {
			isa = XCBuildConfiguration;
			buildSettings = {
				ASSETCATALOG_COMPILER_APPICON_NAME = AppIcon;
				CLANG_ENABLE_MODULES = YES;
				CODE_SIGN_IDENTITY = "iPhone Developer";
				"CODE_SIGN_IDENTITY[sdk=iphoneos*]" = "iPhone Developer";
				FRAMEWORK_SEARCH_PATHS = (
					"$(inherited)",
					"$(PROJECT_DIR)",
				);
				INFOPLIST_FILE = Paperboy/Info.plist;
				IPHONEOS_DEPLOYMENT_TARGET = 8.1;
				LD_RUNPATH_SEARCH_PATHS = "$(inherited) @executable_path/Frameworks";
				LIBRARY_SEARCH_PATHS = (
					"$(inherited)",
					"$(PROJECT_DIR)",
				);
				PRODUCT_NAME = "$(TARGET_NAME)";
				PROVISIONING_PROFILE = "";
				SWIFT_OBJC_BRIDGING_HEADER = "Paperboy-Bridging-Header.h";
			};
			name = Release;
		};
		23479F461A6416E6006061ED /* Debug */ = {
			isa = XCBuildConfiguration;
			buildSettings = {
				BUNDLE_LOADER = "$(TEST_HOST)";
				FRAMEWORK_SEARCH_PATHS = (
					"$(SDKROOT)/Developer/Library/Frameworks",
					"$(inherited)",
				);
				GCC_PREPROCESSOR_DEFINITIONS = (
					"DEBUG=1",
					"$(inherited)",
				);
				INFOPLIST_FILE = PaperboyTests/Info.plist;
				LD_RUNPATH_SEARCH_PATHS = "$(inherited) @executable_path/Frameworks @loader_path/Frameworks";
				PRODUCT_NAME = "$(TARGET_NAME)";
				TEST_HOST = "$(BUILT_PRODUCTS_DIR)/Paperboy.app/Paperboy";
			};
			name = Debug;
		};
		23479F471A6416E6006061ED /* Release */ = {
			isa = XCBuildConfiguration;
			buildSettings = {
				BUNDLE_LOADER = "$(TEST_HOST)";
				FRAMEWORK_SEARCH_PATHS = (
					"$(SDKROOT)/Developer/Library/Frameworks",
					"$(inherited)",
				);
				INFOPLIST_FILE = PaperboyTests/Info.plist;
				LD_RUNPATH_SEARCH_PATHS = "$(inherited) @executable_path/Frameworks @loader_path/Frameworks";
				PRODUCT_NAME = "$(TARGET_NAME)";
				TEST_HOST = "$(BUILT_PRODUCTS_DIR)/Paperboy.app/Paperboy";
			};
			name = Release;
		};
/* End XCBuildConfiguration section */

/* Begin XCConfigurationList section */
		23479F1C1A6416E6006061ED /* Build configuration list for PBXProject "Paperboy" */ = {
			isa = XCConfigurationList;
			buildConfigurations = (
				23479F401A6416E6006061ED /* Debug */,
				23479F411A6416E6006061ED /* Release */,
			);
			defaultConfigurationIsVisible = 0;
			defaultConfigurationName = Release;
		};
		23479F421A6416E6006061ED /* Build configuration list for PBXNativeTarget "Paperboy" */ = {
			isa = XCConfigurationList;
			buildConfigurations = (
				23479F431A6416E6006061ED /* Debug */,
				23479F441A6416E6006061ED /* Release */,
			);
			defaultConfigurationIsVisible = 0;
			defaultConfigurationName = Release;
		};
		23479F451A6416E6006061ED /* Build configuration list for PBXNativeTarget "PaperboyTests" */ = {
			isa = XCConfigurationList;
			buildConfigurations = (
				23479F461A6416E6006061ED /* Debug */,
				23479F471A6416E6006061ED /* Release */,
			);
			defaultConfigurationIsVisible = 0;
			defaultConfigurationName = Release;
		};
/* End XCConfigurationList section */
	};
	rootObject = 23479F191A6416E6006061ED /* Project object */;
}
